{
  "version": "2",
  "remote": {
    "https://deno.land/std@0.178.0/_util/asserts.ts": "178dfc49a464aee693a7e285567b3d0b555dc805ff490505a8aae34f9cfb1462",
    "https://deno.land/std@0.178.0/bytes/concat.ts": "d26d6f3d7922e6d663dacfcd357563b7bf4a380ce5b9c2bbe0c8586662f25ce2",
    "https://deno.land/std@0.178.0/bytes/copy.ts": "939d89e302a9761dcf1d9c937c7711174ed74c59eef40a1e4569a05c9de88219",
    "https://deno.land/std@0.178.0/fmt/colors.ts": "938c5d44d889fb82eff6c358bea8baa7e85950a16c9f6dae3ec3a7a729164471",
    "https://deno.land/std@0.178.0/io/buf_reader.ts": "90a7adcb3638d8e1361695cdf844d58bcd97c41711dc6f9f8acc0626ebe097f5",
    "https://deno.land/std@0.178.0/io/read_lines.ts": "baee9e35034f2fdfccf63bc24b7e3cb45aa1c1c5de26d178f7bcbc572e87772f",
    "https://deno.land/std@0.178.0/testing/_diff.ts": "1a3c044aedf77647d6cac86b798c6417603361b66b54c53331b312caeb447aea",
    "https://deno.land/std@0.178.0/testing/_format.ts": "a69126e8a469009adf4cf2a50af889aca364c349797e63174884a52ff75cf4c7",
    "https://deno.land/std@0.178.0/testing/_test_suite.ts": "30f018feeb3835f12ab198d8a518f9089b1bcb2e8c838a8b615ab10d5005465c",
    "https://deno.land/std@0.178.0/testing/asserts.ts": "984ab0bfb3faeed92ffaa3a6b06536c66811185328c5dd146257c702c41b01ab",
    "https://deno.land/std@0.178.0/testing/bdd.ts": "c5ca6d85940dbcc19b4d2bc3608d49ab65d81470aa91306d5efa4b0d5c945731",
    "https://deno.land/std@0.178.0/types.d.ts": "220ed56662a0bd393ba5d124aa6ae2ad36a00d2fcbc0e8666a65f4606aaa9784",
    "https://unpkg.com/ohm-js@16.6.0/dist/ohm.esm.js": "d5cf5cd976adc2d9aa04d599a4556f17803ff60422eed7b04bf8d6341dbb9d74",
    "https://unpkg.com/ohm-js@16.6.0/index.d.ts": "6762c6344600ef8054cfcf59522a5e69c919e25f5aad5192048a9d7f3be5d60a"
  },
  "npm": {
    "specifiers": {
      "random-seedable@1": "random-seedable@1.0.8"
    },
    "packages": {
      "random-seedable@1.0.8": {
        "integrity": "sha512-f6gzvNhAnZBht1Prn0e/tpukUNhkANntFF42uIdWDPriyEATYaRpyH8A9bYaGecUB3AL+dXeYtBUggy18fe3rw==",
        "dependencies": {}
      }
    }
  }
}
