lockfileVersion: 5.4

specifiers:
  peggy: ^3.0.1

devDependencies:
  peggy: 3.0.1

packages:

  /commander/10.0.0:
    resolution: {integrity: sha512-zS5PnTI22FIRM6ylNW8G4Ap0IEOyk62fhLSD0+uHRT9McRCLGpkVNvao4bjimpK/GShynyQkFFxHhwMcETmduA==}
    engines: {node: '>=14'}
    dev: true

  /peggy/3.0.1:
    resolution: {integrity: sha512-opG0pnfH5ZQvlqz8Ozmk1SvIer9Rz6op0nDSkVQ4kQnVL0+KOKtIocoidxOgpLoS82r+ZW8J16FjhL3rhH/MpA==}
    engines: {node: '>=14'}
    hasBin: true
    dependencies:
      commander: 10.0.0
      source-map-generator: 0.8.0
    dev: true

  /source-map-generator/0.8.0:
    resolution: {integrity: sha512-psgxdGMwl5MZM9S3FWee4EgsEaIjahYV5AzGnwUvPhWeITz/j6rKpysQHlQ4USdxvINlb8lKfWGIXwfkrgtqkA==}
    engines: {node: '>= 10'}
    dev: true
